
Microsoft Visual Studio Solution File, Format Version 12.00
# Visual Studio Version 16
VisualStudioVersion = 16.0.30114.105
MinimumVisualStudioVersion = 10.0.40219.1
Project("{FAE04EC0-301F-11D3-BF4B-00C04F79EFBC}") = "ProEventos.Application", "ProEventos.Application\ProEventos.Application.csproj", "{1072769E-C257-4A2D-B5CB-005FE6EFB869}"
EndProject
Project("{FAE04EC0-301F-11D3-BF4B-00C04F79EFBC}") = "ProEventos.Domain", "ProEventos.Domain\ProEventos.Domain.csproj", "{72ABFAFA-C664-430E-95FA-259C8541290D}"
EndProject
Project("{FAE04EC0-301F-11D3-BF4B-00C04F79EFBC}") = "ProEventos.API", "ProEventos.API\ProEventos.API.csproj", "{BD8E4D7C-B38D-433B-BB58-7B68FDE3C2A6}"
EndProject
Project("{FAE04EC0-301F-11D3-BF4B-00C04F79EFBC}") = "ProEventos.Persistence", "ProEventos.Persistence\ProEventos.Persistence.csproj", "{6470EA3B-C441-4529-AD5B-2278AB007339}"
EndProject
Global
	GlobalSection(SolutionConfigurationPlatforms) = preSolution
		Debug|Any CPU = Debug|Any CPU
		Debug|x64 = Debug|x64
		Debug|x86 = Debug|x86
		Release|Any CPU = Release|Any CPU
		Release|x64 = Release|x64
		Release|x86 = Release|x86
	EndGlobalSection
	GlobalSection(SolutionProperties) = preSolution
		HideSolutionNode = FALSE
	EndGlobalSection
	GlobalSection(ProjectConfigurationPlatforms) = postSolution
		{1072769E-C257-4A2D-B5CB-005FE6EFB869}.Debug|Any CPU.ActiveCfg = Debug|Any CPU
		{1072769E-C257-4A2D-B5CB-005FE6EFB869}.Debug|Any CPU.Build.0 = Debug|Any CPU
		{1072769E-C257-4A2D-B5CB-005FE6EFB869}.Debug|x64.ActiveCfg = Debug|Any CPU
		{1072769E-C257-4A2D-B5CB-005FE6EFB869}.Debug|x64.Build.0 = Debug|Any CPU
		{1072769E-C257-4A2D-B5CB-005FE6EFB869}.Debug|x86.ActiveCfg = Debug|Any CPU
		{1072769E-C257-4A2D-B5CB-005FE6EFB869}.Debug|x86.Build.0 = Debug|Any CPU
		{1072769E-C257-4A2D-B5CB-005FE6EFB869}.Release|Any CPU.ActiveCfg = Release|Any CPU
		{1072769E-C257-4A2D-B5CB-005FE6EFB869}.Release|Any CPU.Build.0 = Release|Any CPU
		{1072769E-C257-4A2D-B5CB-005FE6EFB869}.Release|x64.ActiveCfg = Release|Any CPU
		{1072769E-C257-4A2D-B5CB-005FE6EFB869}.Release|x64.Build.0 = Release|Any CPU
		{1072769E-C257-4A2D-B5CB-005FE6EFB869}.Release|x86.ActiveCfg = Release|Any CPU
		{1072769E-C257-4A2D-B5CB-005FE6EFB869}.Release|x86.Build.0 = Release|Any CPU
		{72ABFAFA-C664-430E-95FA-259C8541290D}.Debug|Any CPU.ActiveCfg = Debug|Any CPU
		{72ABFAFA-C664-430E-95FA-259C8541290D}.Debug|Any CPU.Build.0 = Debug|Any CPU
		{72ABFAFA-C664-430E-95FA-259C8541290D}.Debug|x64.ActiveCfg = Debug|Any CPU
		{72ABFAFA-C664-430E-95FA-259C8541290D}.Debug|x64.Build.0 = Debug|Any CPU
		{72ABFAFA-C664-430E-95FA-259C8541290D}.Debug|x86.ActiveCfg = Debug|Any CPU
		{72ABFAFA-C664-430E-95FA-259C8541290D}.Debug|x86.Build.0 = Debug|Any CPU
		{72ABFAFA-C664-430E-95FA-259C8541290D}.Release|Any CPU.ActiveCfg = Release|Any CPU
		{72ABFAFA-C664-430E-95FA-259C8541290D}.Release|Any CPU.Build.0 = Release|Any CPU
		{72ABFAFA-C664-430E-95FA-259C8541290D}.Release|x64.ActiveCfg = Release|Any CPU
		{72ABFAFA-C664-430E-95FA-259C8541290D}.Release|x64.Build.0 = Release|Any CPU
		{72ABFAFA-C664-430E-95FA-259C8541290D}.Release|x86.ActiveCfg = Release|Any CPU
		{72ABFAFA-C664-430E-95FA-259C8541290D}.Release|x86.Build.0 = Release|Any CPU
		{BD8E4D7C-B38D-433B-BB58-7B68FDE3C2A6}.Debug|Any CPU.ActiveCfg = Debug|Any CPU
		{BD8E4D7C-B38D-433B-BB58-7B68FDE3C2A6}.Debug|Any CPU.Build.0 = Debug|Any CPU
		{BD8E4D7C-B38D-433B-BB58-7B68FDE3C2A6}.Debug|x64.ActiveCfg = Debug|Any CPU
		{BD8E4D7C-B38D-433B-BB58-7B68FDE3C2A6}.Debug|x64.Build.0 = Debug|Any CPU
		{BD8E4D7C-B38D-433B-BB58-7B68FDE3C2A6}.Debug|x86.ActiveCfg = Debug|Any CPU
		{BD8E4D7C-B38D-433B-BB58-7B68FDE3C2A6}.Debug|x86.Build.0 = Debug|Any CPU
		{BD8E4D7C-B38D-433B-BB58-7B68FDE3C2A6}.Release|Any CPU.ActiveCfg = Release|Any CPU
		{BD8E4D7C-B38D-433B-BB58-7B68FDE3C2A6}.Release|Any CPU.Build.0 = Release|Any CPU
		{BD8E4D7C-B38D-433B-BB58-7B68FDE3C2A6}.Release|x64.ActiveCfg = Release|Any CPU
		{BD8E4D7C-B38D-433B-BB58-7B68FDE3C2A6}.Release|x64.Build.0 = Release|Any CPU
		{BD8E4D7C-B38D-433B-BB58-7B68FDE3C2A6}.Release|x86.ActiveCfg = Release|Any CPU
		{BD8E4D7C-B38D-433B-BB58-7B68FDE3C2A6}.Release|x86.Build.0 = Release|Any CPU
		{6470EA3B-C441-4529-AD5B-2278AB007339}.Debug|Any CPU.ActiveCfg = Debug|Any CPU
		{6470EA3B-C441-4529-AD5B-2278AB007339}.Debug|Any CPU.Build.0 = Debug|Any CPU
		{6470EA3B-C441-4529-AD5B-2278AB007339}.Debug|x64.ActiveCfg = Debug|Any CPU
		{6470EA3B-C441-4529-AD5B-2278AB007339}.Debug|x64.Build.0 = Debug|Any CPU
		{6470EA3B-C441-4529-AD5B-2278AB007339}.Debug|x86.ActiveCfg = Debug|Any CPU
		{6470EA3B-C441-4529-AD5B-2278AB007339}.Debug|x86.Build.0 = Debug|Any CPU
		{6470EA3B-C441-4529-AD5B-2278AB007339}.Release|Any CPU.ActiveCfg = Release|Any CPU
		{6470EA3B-C441-4529-AD5B-2278AB007339}.Release|Any CPU.Build.0 = Release|Any CPU
		{6470EA3B-C441-4529-AD5B-2278AB007339}.Release|x64.ActiveCfg = Release|Any CPU
		{6470EA3B-C441-4529-AD5B-2278AB007339}.Release|x64.Build.0 = Release|Any CPU
		{6470EA3B-C441-4529-AD5B-2278AB007339}.Release|x86.ActiveCfg = Release|Any CPU
		{6470EA3B-C441-4529-AD5B-2278AB007339}.Release|x86.Build.0 = Release|Any CPU
	EndGlobalSection
EndGlobal
